
Microsoft Visual Studio Solution File, Format Version 12.00
# Visual Studio Version 16
VisualStudioVersion = 16.0.29001.49
MinimumVisualStudioVersion = 10.0.40219.1
Project("{8BC9CEB8-8B4A-11D0-8D11-00A0C91BC942}") = "Server", "Server\Server.vcxproj", "{BB5839DC-7814-41BD-ADC0-E887A92D5A48}"
EndProject
Global
	GlobalSection(SolutionConfigurationPlatforms) = preSolution
		Debug|x64 = Debug|x64
		Debug|x86 = Debug|x86
		Release|x64 = Release|x64
		Release|x86 = Release|x86
	EndGlobalSection
	GlobalSection(ProjectConfigurationPlatforms) = postSolution
		{BB5839DC-7814-41BD-ADC0-E887A92D5A48}.Debug|x64.ActiveCfg = Debug|x64
		{BB5839DC-7814-41BD-ADC0-E887A92D5A48}.Debug|x64.Build.0 = Debug|x64
		{BB5839DC-7814-41BD-ADC0-E887A92D5A48}.Debug|x86.ActiveCfg = Debug|Win32
		{BB5839DC-7814-41BD-ADC0-E887A92D5A48}.Debug|x86.Build.0 = Debug|Win32
		{BB5839DC-7814-41BD-ADC0-E887A92D5A48}.Release|x64.ActiveCfg = Release|x64
		{BB5839DC-7814-41BD-ADC0-E887A92D5A48}.Release|x64.Build.0 = Release|x64
		{BB5839DC-7814-41BD-ADC0-E887A92D5A48}.Release|x86.ActiveCfg = Release|Win32
		{BB5839DC-7814-41BD-ADC0-E887A92D5A48}.Release|x86.Build.0 = Release|Win32
	EndGlobalSection
	GlobalSection(SolutionProperties) = preSolution
		HideSolutionNode = FALSE
	EndGlobalSection
	GlobalSection(ExtensibilityGlobals) = postSolution
		SolutionGuid = {1A6C7BA1-6F56-4F43-93D4-EE3AE1D342A1}
	EndGlobalSection
EndGlobal
