{
  "requires": true,
  "lockfileVersion": 1,
  "dependencies": {
    "graphql": {
      "version": "14.5.8",
      "resolved": "https://registry.npmjs.org/graphql/-/graphql-14.5.8.tgz",
      "integrity": "sha512-MMwmi0zlVLQKLdGiMfWkgQD7dY/TUKt4L+zgJ/aR0Howebod3aNgP5JkgvAULiR2HPVZaP2VEElqtdidHweLkg==",
      "requires": {
        "iterall": "^1.2.2"
      }
    },
    "iterall": {
      "version": "1.3.0",
      "resolved": "https://registry.npmjs.org/iterall/-/iterall-1.3.0.tgz",
      "integrity": "sha512-QZ9qOMdF+QLHxy1QIpUHUU1D5pS2CG2P69LF6L6CPjPYA/XMOmKV3PZpawHoAjHNyB0swdVTRxdYT4tbBbxqwg=="
    },
    "oracledb": {
      "version": "4.1.0",
      "resolved": "https://registry.npmjs.org/oracledb/-/oracledb-4.1.0.tgz",
      "integrity": "sha512-DfiX40Pouu8IIFJacCwA0q79FjhNlEPvBTxmT1AArN46Bgq2nmF9yoMTshAKWj9fDxc1prWVs/lEhqvz5U5EuQ=="
    }
  }
}
